
Microsoft Visual Studio Solution File, Format Version 12.00
# Visual Studio Version 17
VisualStudioVersion = 17.12.35527.113 d17.12
MinimumVisualStudioVersion = 10.0.40219.1
Project("{FAE04EC0-301F-11D3-BF4B-00C04F79EFBC}") = "api-solicitacao-credito", "api-solicitacao-credito.csproj", "{0D05EA91-C3E6-4ED5-AFB5-6D3EED68A869}"
EndProject
Global
	GlobalSection(SolutionConfigurationPlatforms) = preSolution
		Debug|Any CPU = Debug|Any CPU
		Release|Any CPU = Release|Any CPU
	EndGlobalSection
	GlobalSection(ProjectConfigurationPlatforms) = postSolution
		{0D05EA91-C3E6-4ED5-AFB5-6D3EED68A869}.Debug|Any CPU.ActiveCfg = Debug|Any CPU
		{0D05EA91-C3E6-4ED5-AFB5-6D3EED68A869}.Debug|Any CPU.Build.0 = Debug|Any CPU
		{0D05EA91-C3E6-4ED5-AFB5-6D3EED68A869}.Release|Any CPU.ActiveCfg = Release|Any CPU
		{0D05EA91-C3E6-4ED5-AFB5-6D3EED68A869}.Release|Any CPU.Build.0 = Release|Any CPU
	EndGlobalSection
	GlobalSection(SolutionProperties) = preSolution
		HideSolutionNode = FALSE
	EndGlobalSection
EndGlobal
